
Microsoft Visual Studio Solution File, Format Version 12.00
# Visual Studio Version 17
VisualStudioVersion = 17.0.31903.59
MinimumVisualStudioVersion = 10.0.40219.1
Project("{FAE04EC0-301F-11D3-BF4B-00C04F79EFBC}") = "CodeMaster.Core", "CodeMaster.Core\CodeMaster.Core.csproj", "{299C368A-8E3D-4061-A982-BB067CD786A0}"
EndProject
Project("{FAE04EC0-301F-11D3-BF4B-00C04F79EFBC}") = "CodeMaster.Domain", "CodeMaster.Domain\CodeMaster.Domain.csproj", "{229B1A3D-42C7-4C76-9EA9-A843508B0EDC}"
EndProject
Project("{FAE04EC0-301F-11D3-BF4B-00C04F79EFBC}") = "CodeMaster.Application", "CodeMaster.Application\CodeMaster.Application.csproj", "{750D0F85-06A5-446E-A426-2399E2457521}"
EndProject
Project("{FAE04EC0-301F-11D3-BF4B-00C04F79EFBC}") = "CodeMaster.Infrastructure", "CodeMaster.Infrastructure\CodeMaster.Infrastructure.csproj", "{5ADD0CE0-A5F7-4EDB-9E36-AC91EAF04FB4}"
EndProject
Project("{FAE04EC0-301F-11D3-BF4B-00C04F79EFBC}") = "CodeMaster.WebApi", "CodeMaster.WebApi\CodeMaster.WebApi.csproj", "{00568C82-088A-4F98-9E5D-39B1EAFB7709}"
EndProject
Project("{FAE04EC0-301F-11D3-BF4B-00C04F79EFBC}") = "CodeMaster.Migrator", "CodeMaster.Migrator\CodeMaster.Migrator.csproj", "{7C4019F3-43B4-4020-B946-9A2DA1565516}"
EndProject
Project("{FAE04EC0-301F-11D3-BF4B-00C04F79EFBC}") = "CodeMaster.CodeGenerator", "CodeMaster.CodeGenerator\CodeMaster.CodeGenerator.csproj", "{FFE88128-2A4A-44E8-9EC3-0A228BC4759A}"
EndProject
Project("{FAE04EC0-301F-11D3-BF4B-00C04F79EFBC}") = "CodeMaster.SourceGenerator", "CodeMaster.SourceGenerator\CodeMaster.SourceGenerator.csproj", "{7CBC5274-9BAB-4664-AA84-FC9FD0457AAE}"
EndProject
Project("{FAE04EC0-301F-11D3-BF4B-00C04F79EFBC}") = "CodeMaster.CodeGenerator.Tests", "CodeMaster.CodeGenerator.Tests\CodeMaster.CodeGenerator.Tests.csproj", "{CA047CC4-8B5C-47AF-8E43-43C073CF28A8}"
EndProject
Project("{FAE04EC0-301F-11D3-BF4B-00C04F79EFBC}") = "CodeMaster.OpenSpec.Tests", "CodeMaster.OpenSpec.Tests\CodeMaster.OpenSpec.Tests.csproj", "{BBF4534F-FC1B-463C-8DA9-B88C6E2D3346}"
EndProject
Project("{FAE04EC0-301F-11D3-BF4B-00C04F79EFBC}") = "CodeMaster.E2eTests", "CodeMaster.E2eTests\CodeMaster.E2eTests.csproj", "{4DA1A02A-C66C-4EB4-9966-B32DC132AFFE}"
EndProject
Project("{FAE04EC0-301F-11D3-BF4B-00C04F79EFBC}") = "CodeMaster.McpServer", "CodeMaster.McpServer\CodeMaster.McpServer.csproj", "{AA03260D-287F-4A29-B113-CA240B820C9E}"
EndProject
Project("{FAE04EC0-301F-11D3-BF4B-00C04F79EFBC}") = "CodeMaster.LocalAgent", "CodeMaster.LocalAgent\CodeMaster.LocalAgent.csproj", "{0432552E-754D-4671-975B-64B8F46362D3}"
EndProject
Project("{FAE04EC0-301F-11D3-BF4B-00C04F79EFBC}") = "CodeMaster.LocalAgent.Tests", "CodeMaster.LocalAgent.Tests\CodeMaster.LocalAgent.Tests.csproj", "{B87A698D-D56E-4465-9219-02BA38CE19F9}"
EndProject
Project("{FAE04EC0-301F-11D3-BF4B-00C04F79EFBC}") = "CodeMaster.Agent", "CodeMaster.Agent\CodeMaster.Agent.csproj", "{B163E5F5-F7D2-4552-8BA9-CFE1BF3C7F86}"
EndProject
Project("{FAE04EC0-301F-11D3-BF4B-00C04F79EFBC}") = "CodeMaster.Agent.Tests", "CodeMaster.Agent.Tests\CodeMaster.Agent.Tests.csproj", "{7E5AB7E6-E990-429B-8A6F-3771947E569C}"
EndProject
Global
	GlobalSection(SolutionConfigurationPlatforms) = preSolution
		Debug|Any CPU = Debug|Any CPU
		Debug|x64 = Debug|x64
		Debug|x86 = Debug|x86
		Release|Any CPU = Release|Any CPU
		Release|x64 = Release|x64
		Release|x86 = Release|x86
	EndGlobalSection
	GlobalSection(ProjectConfigurationPlatforms) = postSolution
		{299C368A-8E3D-4061-A982-BB067CD786A0}.Debug|Any CPU.ActiveCfg = Debug|Any CPU
		{299C368A-8E3D-4061-A982-BB067CD786A0}.Debug|Any CPU.Build.0 = Debug|Any CPU
		{299C368A-8E3D-4061-A982-BB067CD786A0}.Debug|x64.ActiveCfg = Debug|Any CPU
		{299C368A-8E3D-4061-A982-BB067CD786A0}.Debug|x64.Build.0 = Debug|Any CPU
		{299C368A-8E3D-4061-A982-BB067CD786A0}.Debug|x86.ActiveCfg = Debug|Any CPU
		{299C368A-8E3D-4061-A982-BB067CD786A0}.Debug|x86.Build.0 = Debug|Any CPU
		{299C368A-8E3D-4061-A982-BB067CD786A0}.Release|Any CPU.ActiveCfg = Release|Any CPU
		{299C368A-8E3D-4061-A982-BB067CD786A0}.Release|Any CPU.Build.0 = Release|Any CPU
		{299C368A-8E3D-4061-A982-BB067CD786A0}.Release|x64.ActiveCfg = Release|Any CPU
		{299C368A-8E3D-4061-A982-BB067CD786A0}.Release|x64.Build.0 = Release|Any CPU
		{299C368A-8E3D-4061-A982-BB067CD786A0}.Release|x86.ActiveCfg = Release|Any CPU
		{299C368A-8E3D-4061-A982-BB067CD786A0}.Release|x86.Build.0 = Release|Any CPU
		{229B1A3D-42C7-4C76-9EA9-A843508B0EDC}.Debug|Any CPU.ActiveCfg = Debug|Any CPU
		{229B1A3D-42C7-4C76-9EA9-A843508B0EDC}.Debug|Any CPU.Build.0 = Debug|Any CPU
		{229B1A3D-42C7-4C76-9EA9-A843508B0EDC}.Debug|x64.ActiveCfg = Debug|Any CPU
		{229B1A3D-42C7-4C76-9EA9-A843508B0EDC}.Debug|x64.Build.0 = Debug|Any CPU
		{229B1A3D-42C7-4C76-9EA9-A843508B0EDC}.Debug|x86.ActiveCfg = Debug|Any CPU
		{229B1A3D-42C7-4C76-9EA9-A843508B0EDC}.Debug|x86.Build.0 = Debug|Any CPU
		{229B1A3D-42C7-4C76-9EA9-A843508B0EDC}.Release|Any CPU.ActiveCfg = Release|Any CPU
		{229B1A3D-42C7-4C76-9EA9-A843508B0EDC}.Release|Any CPU.Build.0 = Release|Any CPU
		{229B1A3D-42C7-4C76-9EA9-A843508B0EDC}.Release|x64.ActiveCfg = Release|Any CPU
		{229B1A3D-42C7-4C76-9EA9-A843508B0EDC}.Release|x64.Build.0 = Release|Any CPU
		{229B1A3D-42C7-4C76-9EA9-A843508B0EDC}.Release|x86.ActiveCfg = Release|Any CPU
		{229B1A3D-42C7-4C76-9EA9-A843508B0EDC}.Release|x86.Build.0 = Release|Any CPU
		{750D0F85-06A5-446E-A426-2399E2457521}.Debug|Any CPU.ActiveCfg = Debug|Any CPU
		{750D0F85-06A5-446E-A426-2399E2457521}.Debug|Any CPU.Build.0 = Debug|Any CPU
		{750D0F85-06A5-446E-A426-2399E2457521}.Debug|x64.ActiveCfg = Debug|Any CPU
		{750D0F85-06A5-446E-A426-2399E2457521}.Debug|x64.Build.0 = Debug|Any CPU
		{750D0F85-06A5-446E-A426-2399E2457521}.Debug|x86.ActiveCfg = Debug|Any CPU
		{750D0F85-06A5-446E-A426-2399E2457521}.Debug|x86.Build.0 = Debug|Any CPU
		{750D0F85-06A5-446E-A426-2399E2457521}.Release|Any CPU.ActiveCfg = Release|Any CPU
		{750D0F85-06A5-446E-A426-2399E2457521}.Release|Any CPU.Build.0 = Release|Any CPU
		{750D0F85-06A5-446E-A426-2399E2457521}.Release|x64.ActiveCfg = Release|Any CPU
		{750D0F85-06A5-446E-A426-2399E2457521}.Release|x64.Build.0 = Release|Any CPU
		{750D0F85-06A5-446E-A426-2399E2457521}.Release|x86.ActiveCfg = Release|Any CPU
		{750D0F85-06A5-446E-A426-2399E2457521}.Release|x86.Build.0 = Release|Any CPU
		{5ADD0CE0-A5F7-4EDB-9E36-AC91EAF04FB4}.Debug|Any CPU.ActiveCfg = Debug|Any CPU
		{5ADD0CE0-A5F7-4EDB-9E36-AC91EAF04FB4}.Debug|Any CPU.Build.0 = Debug|Any CPU
		{5ADD0CE0-A5F7-4EDB-9E36-AC91EAF04FB4}.Debug|x64.ActiveCfg = Debug|Any CPU
		{5ADD0CE0-A5F7-4EDB-9E36-AC91EAF04FB4}.Debug|x64.Build.0 = Debug|Any CPU
		{5ADD0CE0-A5F7-4EDB-9E36-AC91EAF04FB4}.Debug|x86.ActiveCfg = Debug|Any CPU
		{5ADD0CE0-A5F7-4EDB-9E36-AC91EAF04FB4}.Debug|x86.Build.0 = Debug|Any CPU
		{5ADD0CE0-A5F7-4EDB-9E36-AC91EAF04FB4}.Release|Any CPU.ActiveCfg = Release|Any CPU
		{5ADD0CE0-A5F7-4EDB-9E36-AC91EAF04FB4}.Release|Any CPU.Build.0 = Release|Any CPU
		{5ADD0CE0-A5F7-4EDB-9E36-AC91EAF04FB4}.Release|x64.ActiveCfg = Release|Any CPU
		{5ADD0CE0-A5F7-4EDB-9E36-AC91EAF04FB4}.Release|x64.Build.0 = Release|Any CPU
		{5ADD0CE0-A5F7-4EDB-9E36-AC91EAF04FB4}.Release|x86.ActiveCfg = Release|Any CPU
		{5ADD0CE0-A5F7-4EDB-9E36-AC91EAF04FB4}.Release|x86.Build.0 = Release|Any CPU
		{00568C82-088A-4F98-9E5D-39B1EAFB7709}.Debug|Any CPU.ActiveCfg = Debug|Any CPU
		{00568C82-088A-4F98-9E5D-39B1EAFB7709}.Debug|Any CPU.Build.0 = Debug|Any CPU
		{00568C82-088A-4F98-9E5D-39B1EAFB7709}.Debug|x64.ActiveCfg = Debug|Any CPU
		{00568C82-088A-4F98-9E5D-39B1EAFB7709}.Debug|x64.Build.0 = Debug|Any CPU
		{00568C82-088A-4F98-9E5D-39B1EAFB7709}.Debug|x86.ActiveCfg = Debug|Any CPU
		{00568C82-088A-4F98-9E5D-39B1EAFB7709}.Debug|x86.Build.0 = Debug|Any CPU
		{00568C82-088A-4F98-9E5D-39B1EAFB7709}.Release|Any CPU.ActiveCfg = Release|Any CPU
		{00568C82-088A-4F98-9E5D-39B1EAFB7709}.Release|Any CPU.Build.0 = Release|Any CPU
		{00568C82-088A-4F98-9E5D-39B1EAFB7709}.Release|x64.ActiveCfg = Release|Any CPU
		{00568C82-088A-4F98-9E5D-39B1EAFB7709}.Release|x64.Build.0 = Release|Any CPU
		{00568C82-088A-4F98-9E5D-39B1EAFB7709}.Release|x86.ActiveCfg = Release|Any CPU
		{00568C82-088A-4F98-9E5D-39B1EAFB7709}.Release|x86.Build.0 = Release|Any CPU
		{7C4019F3-43B4-4020-B946-9A2DA1565516}.Debug|Any CPU.ActiveCfg = Debug|Any CPU
		{7C4019F3-43B4-4020-B946-9A2DA1565516}.Debug|Any CPU.Build.0 = Debug|Any CPU
		{7C4019F3-43B4-4020-B946-9A2DA1565516}.Debug|x64.ActiveCfg = Debug|Any CPU
		{7C4019F3-43B4-4020-B946-9A2DA1565516}.Debug|x64.Build.0 = Debug|Any CPU
		{7C4019F3-43B4-4020-B946-9A2DA1565516}.Debug|x86.ActiveCfg = Debug|Any CPU
		{7C4019F3-43B4-4020-B946-9A2DA1565516}.Debug|x86.Build.0 = Debug|Any CPU
		{7C4019F3-43B4-4020-B946-9A2DA1565516}.Release|Any CPU.ActiveCfg = Release|Any CPU
		{7C4019F3-43B4-4020-B946-9A2DA1565516}.Release|Any CPU.Build.0 = Release|Any CPU
		{7C4019F3-43B4-4020-B946-9A2DA1565516}.Release|x64.ActiveCfg = Release|Any CPU
		{7C4019F3-43B4-4020-B946-9A2DA1565516}.Release|x64.Build.0 = Release|Any CPU
		{7C4019F3-43B4-4020-B946-9A2DA1565516}.Release|x86.ActiveCfg = Release|Any CPU
		{7C4019F3-43B4-4020-B946-9A2DA1565516}.Release|x86.Build.0 = Release|Any CPU
		{FFE88128-2A4A-44E8-9EC3-0A228BC4759A}.Debug|Any CPU.ActiveCfg = Debug|Any CPU
		{FFE88128-2A4A-44E8-9EC3-0A228BC4759A}.Debug|Any CPU.Build.0 = Debug|Any CPU
		{FFE88128-2A4A-44E8-9EC3-0A228BC4759A}.Debug|x64.ActiveCfg = Debug|Any CPU
		{FFE88128-2A4A-44E8-9EC3-0A228BC4759A}.Debug|x64.Build.0 = Debug|Any CPU
		{FFE88128-2A4A-44E8-9EC3-0A228BC4759A}.Debug|x86.ActiveCfg = Debug|Any CPU
		{FFE88128-2A4A-44E8-9EC3-0A228BC4759A}.Debug|x86.Build.0 = Debug|Any CPU
		{FFE88128-2A4A-44E8-9EC3-0A228BC4759A}.Release|Any CPU.ActiveCfg = Release|Any CPU
		{FFE88128-2A4A-44E8-9EC3-0A228BC4759A}.Release|Any CPU.Build.0 = Release|Any CPU
		{FFE88128-2A4A-44E8-9EC3-0A228BC4759A}.Release|x64.ActiveCfg = Release|Any CPU
		{FFE88128-2A4A-44E8-9EC3-0A228BC4759A}.Release|x64.Build.0 = Release|Any CPU
		{FFE88128-2A4A-44E8-9EC3-0A228BC4759A}.Release|x86.ActiveCfg = Release|Any CPU
		{FFE88128-2A4A-44E8-9EC3-0A228BC4759A}.Release|x86.Build.0 = Release|Any CPU
		{7CBC5274-9BAB-4664-AA84-FC9FD0457AAE}.Debug|Any CPU.ActiveCfg = Debug|Any CPU
		{7CBC5274-9BAB-4664-AA84-FC9FD0457AAE}.Debug|Any CPU.Build.0 = Debug|Any CPU
		{7CBC5274-9BAB-4664-AA84-FC9FD0457AAE}.Debug|x64.ActiveCfg = Debug|Any CPU
		{7CBC5274-9BAB-4664-AA84-FC9FD0457AAE}.Debug|x64.Build.0 = Debug|Any CPU
		{7CBC5274-9BAB-4664-AA84-FC9FD0457AAE}.Debug|x86.ActiveCfg = Debug|Any CPU
		{7CBC5274-9BAB-4664-AA84-FC9FD0457AAE}.Debug|x86.Build.0 = Debug|Any CPU
		{7CBC5274-9BAB-4664-AA84-FC9FD0457AAE}.Release|Any CPU.ActiveCfg = Release|Any CPU
		{7CBC5274-9BAB-4664-AA84-FC9FD0457AAE}.Release|Any CPU.Build.0 = Release|Any CPU
		{7CBC5274-9BAB-4664-AA84-FC9FD0457AAE}.Release|x64.ActiveCfg = Release|Any CPU
		{7CBC5274-9BAB-4664-AA84-FC9FD0457AAE}.Release|x64.Build.0 = Release|Any CPU
		{7CBC5274-9BAB-4664-AA84-FC9FD0457AAE}.Release|x86.ActiveCfg = Release|Any CPU
		{7CBC5274-9BAB-4664-AA84-FC9FD0457AAE}.Release|x86.Build.0 = Release|Any CPU
		{CA047CC4-8B5C-47AF-8E43-43C073CF28A8}.Debug|Any CPU.ActiveCfg = Debug|Any CPU
		{CA047CC4-8B5C-47AF-8E43-43C073CF28A8}.Debug|Any CPU.Build.0 = Debug|Any CPU
		{CA047CC4-8B5C-47AF-8E43-43C073CF28A8}.Debug|x64.ActiveCfg = Debug|Any CPU
		{CA047CC4-8B5C-47AF-8E43-43C073CF28A8}.Debug|x64.Build.0 = Debug|Any CPU
		{CA047CC4-8B5C-47AF-8E43-43C073CF28A8}.Debug|x86.ActiveCfg = Debug|Any CPU
		{CA047CC4-8B5C-47AF-8E43-43C073CF28A8}.Debug|x86.Build.0 = Debug|Any CPU
		{CA047CC4-8B5C-47AF-8E43-43C073CF28A8}.Release|Any CPU.ActiveCfg = Release|Any CPU
		{CA047CC4-8B5C-47AF-8E43-43C073CF28A8}.Release|Any CPU.Build.0 = Release|Any CPU
		{CA047CC4-8B5C-47AF-8E43-43C073CF28A8}.Release|x64.ActiveCfg = Release|Any CPU
		{CA047CC4-8B5C-47AF-8E43-43C073CF28A8}.Release|x64.Build.0 = Release|Any CPU
		{CA047CC4-8B5C-47AF-8E43-43C073CF28A8}.Release|x86.ActiveCfg = Release|Any CPU
		{CA047CC4-8B5C-47AF-8E43-43C073CF28A8}.Release|x86.Build.0 = Release|Any CPU
		{BBF4534F-FC1B-463C-8DA9-B88C6E2D3346}.Debug|Any CPU.ActiveCfg = Debug|Any CPU
		{BBF4534F-FC1B-463C-8DA9-B88C6E2D3346}.Debug|Any CPU.Build.0 = Debug|Any CPU
		{BBF4534F-FC1B-463C-8DA9-B88C6E2D3346}.Debug|x64.ActiveCfg = Debug|Any CPU
		{BBF4534F-FC1B-463C-8DA9-B88C6E2D3346}.Debug|x64.Build.0 = Debug|Any CPU
		{BBF4534F-FC1B-463C-8DA9-B88C6E2D3346}.Debug|x86.ActiveCfg = Debug|Any CPU
		{BBF4534F-FC1B-463C-8DA9-B88C6E2D3346}.Debug|x86.Build.0 = Debug|Any CPU
		{BBF4534F-FC1B-463C-8DA9-B88C6E2D3346}.Release|Any CPU.ActiveCfg = Release|Any CPU
		{BBF4534F-FC1B-463C-8DA9-B88C6E2D3346}.Release|Any CPU.Build.0 = Release|Any CPU
		{BBF4534F-FC1B-463C-8DA9-B88C6E2D3346}.Release|x64.ActiveCfg = Release|Any CPU
		{BBF4534F-FC1B-463C-8DA9-B88C6E2D3346}.Release|x64.Build.0 = Release|Any CPU
		{BBF4534F-FC1B-463C-8DA9-B88C6E2D3346}.Release|x86.ActiveCfg = Release|Any CPU
		{BBF4534F-FC1B-463C-8DA9-B88C6E2D3346}.Release|x86.Build.0 = Release|Any CPU
		{4DA1A02A-C66C-4EB4-9966-B32DC132AFFE}.Debug|Any CPU.ActiveCfg = Debug|Any CPU
		{4DA1A02A-C66C-4EB4-9966-B32DC132AFFE}.Debug|Any CPU.Build.0 = Debug|Any CPU
		{4DA1A02A-C66C-4EB4-9966-B32DC132AFFE}.Debug|x64.ActiveCfg = Debug|Any CPU
		{4DA1A02A-C66C-4EB4-9966-B32DC132AFFE}.Debug|x64.Build.0 = Debug|Any CPU
		{4DA1A02A-C66C-4EB4-9966-B32DC132AFFE}.Debug|x86.ActiveCfg = Debug|Any CPU
		{4DA1A02A-C66C-4EB4-9966-B32DC132AFFE}.Debug|x86.Build.0 = Debug|Any CPU
		{4DA1A02A-C66C-4EB4-9966-B32DC132AFFE}.Release|Any CPU.ActiveCfg = Release|Any CPU
		{4DA1A02A-C66C-4EB4-9966-B32DC132AFFE}.Release|Any CPU.Build.0 = Release|Any CPU
		{4DA1A02A-C66C-4EB4-9966-B32DC132AFFE}.Release|x64.ActiveCfg = Release|Any CPU
		{4DA1A02A-C66C-4EB4-9966-B32DC132AFFE}.Release|x64.Build.0 = Release|Any CPU
		{4DA1A02A-C66C-4EB4-9966-B32DC132AFFE}.Release|x86.ActiveCfg = Release|Any CPU
		{4DA1A02A-C66C-4EB4-9966-B32DC132AFFE}.Release|x86.Build.0 = Release|Any CPU
		{AA03260D-287F-4A29-B113-CA240B820C9E}.Debug|Any CPU.ActiveCfg = Debug|Any CPU
		{AA03260D-287F-4A29-B113-CA240B820C9E}.Debug|Any CPU.Build.0 = Debug|Any CPU
		{AA03260D-287F-4A29-B113-CA240B820C9E}.Debug|x64.ActiveCfg = Debug|Any CPU
		{AA03260D-287F-4A29-B113-CA240B820C9E}.Debug|x64.Build.0 = Debug|Any CPU
		{AA03260D-287F-4A29-B113-CA240B820C9E}.Debug|x86.ActiveCfg = Debug|Any CPU
		{AA03260D-287F-4A29-B113-CA240B820C9E}.Debug|x86.Build.0 = Debug|Any CPU
		{AA03260D-287F-4A29-B113-CA240B820C9E}.Release|Any CPU.ActiveCfg = Release|Any CPU
		{AA03260D-287F-4A29-B113-CA240B820C9E}.Release|Any CPU.Build.0 = Release|Any CPU
		{AA03260D-287F-4A29-B113-CA240B820C9E}.Release|x64.ActiveCfg = Release|Any CPU
		{AA03260D-287F-4A29-B113-CA240B820C9E}.Release|x64.Build.0 = Release|Any CPU
		{AA03260D-287F-4A29-B113-CA240B820C9E}.Release|x86.ActiveCfg = Release|Any CPU
		{AA03260D-287F-4A29-B113-CA240B820C9E}.Release|x86.Build.0 = Release|Any CPU
		{0432552E-754D-4671-975B-64B8F46362D3}.Debug|Any CPU.ActiveCfg = Debug|Any CPU
		{0432552E-754D-4671-975B-64B8F46362D3}.Debug|Any CPU.Build.0 = Debug|Any CPU
		{0432552E-754D-4671-975B-64B8F46362D3}.Debug|x64.ActiveCfg = Debug|Any CPU
		{0432552E-754D-4671-975B-64B8F46362D3}.Debug|x64.Build.0 = Debug|Any CPU
		{0432552E-754D-4671-975B-64B8F46362D3}.Debug|x86.ActiveCfg = Debug|Any CPU
		{0432552E-754D-4671-975B-64B8F46362D3}.Debug|x86.Build.0 = Debug|Any CPU
		{0432552E-754D-4671-975B-64B8F46362D3}.Release|Any CPU.ActiveCfg = Release|Any CPU
		{0432552E-754D-4671-975B-64B8F46362D3}.Release|Any CPU.Build.0 = Release|Any CPU
		{0432552E-754D-4671-975B-64B8F46362D3}.Release|x64.ActiveCfg = Release|Any CPU
		{0432552E-754D-4671-975B-64B8F46362D3}.Release|x64.Build.0 = Release|Any CPU
		{0432552E-754D-4671-975B-64B8F46362D3}.Release|x86.ActiveCfg = Release|Any CPU
		{0432552E-754D-4671-975B-64B8F46362D3}.Release|x86.Build.0 = Release|Any CPU
		{B87A698D-D56E-4465-9219-02BA38CE19F9}.Debug|Any CPU.ActiveCfg = Debug|Any CPU
		{B87A698D-D56E-4465-9219-02BA38CE19F9}.Debug|Any CPU.Build.0 = Debug|Any CPU
		{B87A698D-D56E-4465-9219-02BA38CE19F9}.Debug|x64.ActiveCfg = Debug|Any CPU
		{B87A698D-D56E-4465-9219-02BA38CE19F9}.Debug|x64.Build.0 = Debug|Any CPU
		{B87A698D-D56E-4465-9219-02BA38CE19F9}.Debug|x86.ActiveCfg = Debug|Any CPU
		{B87A698D-D56E-4465-9219-02BA38CE19F9}.Debug|x86.Build.0 = Debug|Any CPU
		{B87A698D-D56E-4465-9219-02BA38CE19F9}.Release|Any CPU.ActiveCfg = Release|Any CPU
		{B87A698D-D56E-4465-9219-02BA38CE19F9}.Release|Any CPU.Build.0 = Release|Any CPU
		{B87A698D-D56E-4465-9219-02BA38CE19F9}.Release|x64.ActiveCfg = Release|Any CPU
		{B87A698D-D56E-4465-9219-02BA38CE19F9}.Release|x64.Build.0 = Release|Any CPU
		{B87A698D-D56E-4465-9219-02BA38CE19F9}.Release|x86.ActiveCfg = Release|Any CPU
		{B87A698D-D56E-4465-9219-02BA38CE19F9}.Release|x86.Build.0 = Release|Any CPU
		{B163E5F5-F7D2-4552-8BA9-CFE1BF3C7F86}.Debug|Any CPU.ActiveCfg = Debug|Any CPU
		{B163E5F5-F7D2-4552-8BA9-CFE1BF3C7F86}.Debug|Any CPU.Build.0 = Debug|Any CPU
		{B163E5F5-F7D2-4552-8BA9-CFE1BF3C7F86}.Debug|x64.ActiveCfg = Debug|Any CPU
		{B163E5F5-F7D2-4552-8BA9-CFE1BF3C7F86}.Debug|x64.Build.0 = Debug|Any CPU
		{B163E5F5-F7D2-4552-8BA9-CFE1BF3C7F86}.Debug|x86.ActiveCfg = Debug|Any CPU
		{B163E5F5-F7D2-4552-8BA9-CFE1BF3C7F86}.Debug|x86.Build.0 = Debug|Any CPU
		{B163E5F5-F7D2-4552-8BA9-CFE1BF3C7F86}.Release|Any CPU.ActiveCfg = Release|Any CPU
		{B163E5F5-F7D2-4552-8BA9-CFE1BF3C7F86}.Release|Any CPU.Build.0 = Release|Any CPU
		{B163E5F5-F7D2-4552-8BA9-CFE1BF3C7F86}.Release|x64.ActiveCfg = Release|Any CPU
		{B163E5F5-F7D2-4552-8BA9-CFE1BF3C7F86}.Release|x64.Build.0 = Release|Any CPU
		{B163E5F5-F7D2-4552-8BA9-CFE1BF3C7F86}.Release|x86.ActiveCfg = Release|Any CPU
		{B163E5F5-F7D2-4552-8BA9-CFE1BF3C7F86}.Release|x86.Build.0 = Release|Any CPU
		{7E5AB7E6-E990-429B-8A6F-3771947E569C}.Debug|Any CPU.ActiveCfg = Debug|Any CPU
		{7E5AB7E6-E990-429B-8A6F-3771947E569C}.Debug|Any CPU.Build.0 = Debug|Any CPU
		{7E5AB7E6-E990-429B-8A6F-3771947E569C}.Debug|x64.ActiveCfg = Debug|Any CPU
		{7E5AB7E6-E990-429B-8A6F-3771947E569C}.Debug|x64.Build.0 = Debug|Any CPU
		{7E5AB7E6-E990-429B-8A6F-3771947E569C}.Debug|x86.ActiveCfg = Debug|Any CPU
		{7E5AB7E6-E990-429B-8A6F-3771947E569C}.Debug|x86.Build.0 = Debug|Any CPU
		{7E5AB7E6-E990-429B-8A6F-3771947E569C}.Release|Any CPU.ActiveCfg = Release|Any CPU
		{7E5AB7E6-E990-429B-8A6F-3771947E569C}.Release|Any CPU.Build.0 = Release|Any CPU
		{7E5AB7E6-E990-429B-8A6F-3771947E569C}.Release|x64.ActiveCfg = Release|Any CPU
		{7E5AB7E6-E990-429B-8A6F-3771947E569C}.Release|x64.Build.0 = Release|Any CPU
		{7E5AB7E6-E990-429B-8A6F-3771947E569C}.Release|x86.ActiveCfg = Release|Any CPU
		{7E5AB7E6-E990-429B-8A6F-3771947E569C}.Release|x86.Build.0 = Release|Any CPU
	EndGlobalSection
	GlobalSection(SolutionProperties) = preSolution
		HideSolutionNode = FALSE
	EndGlobalSection
EndGlobal
