
Microsoft Visual Studio Solution File, Format Version 12.00
# Visual Studio Version 17
VisualStudioVersion = 17.0.31903.59
MinimumVisualStudioVersion = 10.0.40219.1
Project("{FAE04EC0-301F-11D3-BF4B-00C04F79EFBC}") = "{ProjectName}.Core", "{ProjectName}.Core\{ProjectName}.Core.csproj", "{GUID1}"
EndProject
Project("{FAE04EC0-301F-11D3-BF4B-00C04F79EFBC}") = "{ProjectName}.Domain", "{ProjectName}.Domain\{ProjectName}.Domain.csproj", "{GUID2}"
EndProject
Project("{FAE04EC0-301F-11D3-BF4B-00C04F79EFBC}") = "{ProjectName}.Application", "{ProjectName}.Application\{ProjectName}.Application.csproj", "{GUID3}"
EndProject
Project("{FAE04EC0-301F-11D3-BF4B-00C04F79EFBC}") = "{ProjectName}.Infrastructure", "{ProjectName}.Infrastructure\{ProjectName}.Infrastructure.csproj", "{GUID4}"
EndProject
Project("{FAE04EC0-301F-11D3-BF4B-00C04F79EFBC}") = "{ProjectName}.WebApi", "{ProjectName}.WebApi\{ProjectName}.WebApi.csproj", "{GUID5}"
EndProject
Project("{FAE04EC0-301F-11D3-BF4B-00C04F79EFBC}") = "{ProjectName}.Migrator", "{ProjectName}.Migrator\{ProjectName}.Migrator.csproj", "{GUID6}"
EndProject
Project("{FAE04EC0-301F-11D3-BF4B-00C04F79EFBC}") = "{ProjectName}.CodeGenerator", "{ProjectName}.CodeGenerator\{ProjectName}.CodeGenerator.csproj", "{GUID7}"
EndProject
Project("{FAE04EC0-301F-11D3-BF4B-00C04F79EFBC}") = "{ProjectName}.SourceGenerator", "{ProjectName}.SourceGenerator\{ProjectName}.SourceGenerator.csproj", "{GUID8}"
EndProject
Global
	GlobalSection(SolutionConfigurationPlatforms) = preSolution
		Debug|Any CPU = Debug|Any CPU
		Release|Any CPU = Release|Any CPU
	EndGlobalSection
	GlobalSection(SolutionProperties) = preSolution
		HideSolutionNode = FALSE
	EndGlobalSection
	GlobalSection(ProjectConfigurationPlatforms) = postSolution
		{GUID1}.Debug|Any CPU.ActiveCfg = Debug|Any CPU
		{GUID1}.Debug|Any CPU.Build.0 = Debug|Any CPU
		{GUID1}.Release|Any CPU.ActiveCfg = Release|Any CPU
		{GUID1}.Release|Any CPU.Build.0 = Release|Any CPU
		{GUID2}.Debug|Any CPU.ActiveCfg = Debug|Any CPU
		{GUID2}.Debug|Any CPU.Build.0 = Debug|Any CPU
		{GUID2}.Release|Any CPU.ActiveCfg = Release|Any CPU
		{GUID2}.Release|Any CPU.Build.0 = Release|Any CPU
		{GUID3}.Debug|Any CPU.ActiveCfg = Debug|Any CPU
		{GUID3}.Debug|Any CPU.Build.0 = Debug|Any CPU
		{GUID3}.Release|Any CPU.ActiveCfg = Release|Any CPU
		{GUID3}.Release|Any CPU.Build.0 = Release|Any CPU
		{GUID4}.Debug|Any CPU.ActiveCfg = Debug|Any CPU
		{GUID4}.Debug|Any CPU.Build.0 = Debug|Any CPU
		{GUID4}.Release|Any CPU.ActiveCfg = Release|Any CPU
		{GUID4}.Release|Any CPU.Build.0 = Release|Any CPU
		{GUID5}.Debug|Any CPU.ActiveCfg = Debug|Any CPU
		{GUID5}.Debug|Any CPU.Build.0 = Debug|Any CPU
		{GUID5}.Release|Any CPU.ActiveCfg = Release|Any CPU
		{GUID5}.Release|Any CPU.Build.0 = Release|Any CPU
		{GUID6}.Debug|Any CPU.ActiveCfg = Debug|Any CPU
		{GUID6}.Debug|Any CPU.Build.0 = Debug|Any CPU
		{GUID6}.Release|Any CPU.ActiveCfg = Release|Any CPU
		{GUID6}.Release|Any CPU.Build.0 = Release|Any CPU
		{GUID7}.Debug|Any CPU.ActiveCfg = Debug|Any CPU
		{GUID7}.Debug|Any CPU.Build.0 = Debug|Any CPU
		{GUID7}.Release|Any CPU.ActiveCfg = Release|Any CPU
		{GUID7}.Release|Any CPU.Build.0 = Release|Any CPU
		{GUID8}.Debug|Any CPU.ActiveCfg = Debug|Any CPU
		{GUID8}.Debug|Any CPU.Build.0 = Debug|Any CPU
		{GUID8}.Release|Any CPU.ActiveCfg = Release|Any CPU
		{GUID8}.Release|Any CPU.Build.0 = Release|Any CPU
	EndGlobalSection
EndGlobal
